
Microsoft Visual Studio Solution File, Format Version 12.00
# Visual Studio Version 16
VisualStudioVersion = 16.0.29519.181
MinimumVisualStudioVersion = 10.0.40219.1
Project("{FAE04EC0-301F-11D3-BF4B-00C04F79EFBC}") = "NetCoreAdoNet", "NetCoreAdoNet\NetCoreAdoNet.csproj", "{3FDFD882-7E3C-4ED9-BF58-31531196542E}"
EndProject
Global
	GlobalSection(SolutionConfigurationPlatforms) = preSolution
		Debug|Any CPU = Debug|Any CPU
		Release|Any CPU = Release|Any CPU
	EndGlobalSection
	GlobalSection(ProjectConfigurationPlatforms) = postSolution
		{3FDFD882-7E3C-4ED9-BF58-31531196542E}.Debug|Any CPU.ActiveCfg = Debug|Any CPU
		{3FDFD882-7E3C-4ED9-BF58-31531196542E}.Debug|Any CPU.Build.0 = Debug|Any CPU
		{3FDFD882-7E3C-4ED9-BF58-31531196542E}.Release|Any CPU.ActiveCfg = Release|Any CPU
		{3FDFD882-7E3C-4ED9-BF58-31531196542E}.Release|Any CPU.Build.0 = Release|Any CPU
	EndGlobalSection
	GlobalSection(SolutionProperties) = preSolution
		HideSolutionNode = FALSE
	EndGlobalSection
	GlobalSection(ExtensibilityGlobals) = postSolution
		SolutionGuid = {507E52F6-4AC4-4E49-BBDA-FE4F2178244B}
	EndGlobalSection
EndGlobal
